
Microsoft Visual Studio Solution File, Format Version 12.00
# Visual Studio 2012
Project("{FAE04EC0-301F-11D3-BF4B-00C04F79EFBC}") = "Rapcon Master Console 1.0", "Rapcon Master Console 1.0\Rapcon Master Console 1.0.csproj", "{4123477D-B13A-4868-AA2F-FA566D8DE6AC}"
EndProject
Global
	GlobalSection(SolutionConfigurationPlatforms) = preSolution
		Debug|Any CPU = Debug|Any CPU
		Release|Any CPU = Release|Any CPU
	EndGlobalSection
	GlobalSection(ProjectConfigurationPlatforms) = postSolution
		{4123477D-B13A-4868-AA2F-FA566D8DE6AC}.Debug|Any CPU.ActiveCfg = Debug|Any CPU
		{4123477D-B13A-4868-AA2F-FA566D8DE6AC}.Debug|Any CPU.Build.0 = Debug|Any CPU
		{4123477D-B13A-4868-AA2F-FA566D8DE6AC}.Release|Any CPU.ActiveCfg = Release|Any CPU
		{4123477D-B13A-4868-AA2F-FA566D8DE6AC}.Release|Any CPU.Build.0 = Release|Any CPU
	EndGlobalSection
	GlobalSection(SolutionProperties) = preSolution
		HideSolutionNode = FALSE
	EndGlobalSection
EndGlobal
